
Microsoft Visual Studio Solution File, Format Version 12.00
# Visual Studio Version 17
VisualStudioVersion = 17.9.34616.47
MinimumVisualStudioVersion = 10.0.40219.1
Project("{9A19103F-16F7-4668-BE54-9A1E7A4F7556}") = "SLShopping", "SlShopping\SLShopping.csproj", "{46226AA5-9E2E-4101-B14F-CABC80DA9A90}"
EndProject
Global
	GlobalSection(SolutionConfigurationPlatforms) = preSolution
		Debug|Any CPU = Debug|Any CPU
		Release|Any CPU = Release|Any CPU
	EndGlobalSection
	GlobalSection(ProjectConfigurationPlatforms) = postSolution
		{46226AA5-9E2E-4101-B14F-CABC80DA9A90}.Debug|Any CPU.ActiveCfg = Debug|Any CPU
		{46226AA5-9E2E-4101-B14F-CABC80DA9A90}.Debug|Any CPU.Build.0 = Debug|Any CPU
		{46226AA5-9E2E-4101-B14F-CABC80DA9A90}.Release|Any CPU.ActiveCfg = Release|Any CPU
		{46226AA5-9E2E-4101-B14F-CABC80DA9A90}.Release|Any CPU.Build.0 = Release|Any CPU
	EndGlobalSection
	GlobalSection(SolutionProperties) = preSolution
		HideSolutionNode = FALSE
	EndGlobalSection
	GlobalSection(ExtensibilityGlobals) = postSolution
		SolutionGuid = {49948FC8-DA65-4DEC-9EE3-4FA32A6A8440}
	EndGlobalSection
EndGlobal
